
Microsoft Visual Studio Solution File, Format Version 12.00
# Visual Studio Version 17
VisualStudioVersion = 17.13.35919.96 d17.13
MinimumVisualStudioVersion = 10.0.40219.1
Project("{FAE04EC0-301F-11D3-BF4B-00C04F79EFBC}") = "Crud30-06-25", "Crud30-06-25\Crud30-06-25.csproj", "{2807C8AE-FC2C-43D6-A181-D58137FAB0A3}"
EndProject
Global
	GlobalSection(SolutionConfigurationPlatforms) = preSolution
		Debug|Any CPU = Debug|Any CPU
		Release|Any CPU = Release|Any CPU
	EndGlobalSection
	GlobalSection(ProjectConfigurationPlatforms) = postSolution
		{2807C8AE-FC2C-43D6-A181-D58137FAB0A3}.Debug|Any CPU.ActiveCfg = Debug|Any CPU
		{2807C8AE-FC2C-43D6-A181-D58137FAB0A3}.Debug|Any CPU.Build.0 = Debug|Any CPU
		{2807C8AE-FC2C-43D6-A181-D58137FAB0A3}.Release|Any CPU.ActiveCfg = Release|Any CPU
		{2807C8AE-FC2C-43D6-A181-D58137FAB0A3}.Release|Any CPU.Build.0 = Release|Any CPU
	EndGlobalSection
	GlobalSection(SolutionProperties) = preSolution
		HideSolutionNode = FALSE
	EndGlobalSection
	GlobalSection(ExtensibilityGlobals) = postSolution
		SolutionGuid = {9B69DDD4-0798-489B-A831-6E16265FD68E}
	EndGlobalSection
EndGlobal
